
Microsoft Visual Studio Solution File, Format Version 12.00
# Visual Studio 15
VisualStudioVersion = 15.0.28307.852
MinimumVisualStudioVersion = 10.0.40219.1
Project("{FAE04EC0-301F-11D3-BF4B-00C04F79EFBC}") = "Forms_Hotel_System", "Forms_Hotel_System\Forms_Hotel_System.csproj", "{5A6A14F8-1FA2-499E-AF92-B04E7FEB9463}"
EndProject
Global
	GlobalSection(SolutionConfigurationPlatforms) = preSolution
		Debug|Any CPU = Debug|Any CPU
		Release|Any CPU = Release|Any CPU
	EndGlobalSection
	GlobalSection(ProjectConfigurationPlatforms) = postSolution
		{5A6A14F8-1FA2-499E-AF92-B04E7FEB9463}.Debug|Any CPU.ActiveCfg = Debug|Any CPU
		{5A6A14F8-1FA2-499E-AF92-B04E7FEB9463}.Debug|Any CPU.Build.0 = Debug|Any CPU
		{5A6A14F8-1FA2-499E-AF92-B04E7FEB9463}.Release|Any CPU.ActiveCfg = Release|Any CPU
		{5A6A14F8-1FA2-499E-AF92-B04E7FEB9463}.Release|Any CPU.Build.0 = Release|Any CPU
	EndGlobalSection
	GlobalSection(SolutionProperties) = preSolution
		HideSolutionNode = FALSE
	EndGlobalSection
	GlobalSection(ExtensibilityGlobals) = postSolution
		SolutionGuid = {19B8F405-CC44-4B34-BCD0-D48E85CB4F0E}
	EndGlobalSection
EndGlobal
